
Microsoft Visual Studio Solution File, Format Version 12.00
# Visual Studio Version 17
VisualStudioVersion = 17.8.34525.116
MinimumVisualStudioVersion = 10.0.40219.1
Project("{2150E333-8FDC-42A3-9474-1A3956D46DE8}") = "src", "src", "{209CC817-190F-42CF-A09E-A940D6C3C882}"
EndProject
Project("{9A19103F-16F7-4668-BE54-9A1E7A4F7556}") = "BlazingBlog.WebUI.Server", "BlazingBlog.WebUI.Server\BlazingBlog.WebUI.Server.csproj", "{01A6C7E3-8128-485D-8A2F-25C0F22DA4EB}"
EndProject
Project("{FAE04EC0-301F-11D3-BF4B-00C04F79EFBC}") = "BlazingBlog.Domain", "BlazingBlog.Domain\BlazingBlog.Domain.csproj", "{746D46E0-D09E-4C6A-895D-02A6A89A23B0}"
EndProject
Project("{FAE04EC0-301F-11D3-BF4B-00C04F79EFBC}") = "BlazingBlog.Application", "BlazingBlog.Application\BlazingBlog.Application.csproj", "{751B053C-D140-4E2D-9D74-9D17AD646794}"
EndProject
Global
	GlobalSection(SolutionConfigurationPlatforms) = preSolution
		Debug|Any CPU = Debug|Any CPU
		Release|Any CPU = Release|Any CPU
	EndGlobalSection
	GlobalSection(ProjectConfigurationPlatforms) = postSolution
		{01A6C7E3-8128-485D-8A2F-25C0F22DA4EB}.Debug|Any CPU.ActiveCfg = Debug|Any CPU
		{01A6C7E3-8128-485D-8A2F-25C0F22DA4EB}.Debug|Any CPU.Build.0 = Debug|Any CPU
		{01A6C7E3-8128-485D-8A2F-25C0F22DA4EB}.Release|Any CPU.ActiveCfg = Release|Any CPU
		{01A6C7E3-8128-485D-8A2F-25C0F22DA4EB}.Release|Any CPU.Build.0 = Release|Any CPU
		{746D46E0-D09E-4C6A-895D-02A6A89A23B0}.Debug|Any CPU.ActiveCfg = Debug|Any CPU
		{746D46E0-D09E-4C6A-895D-02A6A89A23B0}.Debug|Any CPU.Build.0 = Debug|Any CPU
		{746D46E0-D09E-4C6A-895D-02A6A89A23B0}.Release|Any CPU.ActiveCfg = Release|Any CPU
		{746D46E0-D09E-4C6A-895D-02A6A89A23B0}.Release|Any CPU.Build.0 = Release|Any CPU
		{751B053C-D140-4E2D-9D74-9D17AD646794}.Debug|Any CPU.ActiveCfg = Debug|Any CPU
		{751B053C-D140-4E2D-9D74-9D17AD646794}.Debug|Any CPU.Build.0 = Debug|Any CPU
		{751B053C-D140-4E2D-9D74-9D17AD646794}.Release|Any CPU.ActiveCfg = Release|Any CPU
		{751B053C-D140-4E2D-9D74-9D17AD646794}.Release|Any CPU.Build.0 = Release|Any CPU
	EndGlobalSection
	GlobalSection(SolutionProperties) = preSolution
		HideSolutionNode = FALSE
	EndGlobalSection
	GlobalSection(NestedProjects) = preSolution
		{01A6C7E3-8128-485D-8A2F-25C0F22DA4EB} = {209CC817-190F-42CF-A09E-A940D6C3C882}
		{746D46E0-D09E-4C6A-895D-02A6A89A23B0} = {209CC817-190F-42CF-A09E-A940D6C3C882}
		{751B053C-D140-4E2D-9D74-9D17AD646794} = {209CC817-190F-42CF-A09E-A940D6C3C882}
	EndGlobalSection
	GlobalSection(ExtensibilityGlobals) = postSolution
		SolutionGuid = {499B5FB3-97CC-4D72-9181-EEE17E1578EA}
	EndGlobalSection
EndGlobal
